
Microsoft Visual Studio Solution File, Format Version 12.00
# Visual Studio Version 17
VisualStudioVersion = 17.4.33110.190
MinimumVisualStudioVersion = 10.0.40219.1
Project("{FAE04EC0-301F-11D3-BF4B-00C04F79EFBC}") = "LibraryApp", "LibraryApp\LibraryApp.csproj", "{37E6399F-680F-4280-B480-DA491D9A2F36}"
EndProject
Global
	GlobalSection(SolutionConfigurationPlatforms) = preSolution
		Debug|Any CPU = Debug|Any CPU
		Release|Any CPU = Release|Any CPU
	EndGlobalSection
	GlobalSection(ProjectConfigurationPlatforms) = postSolution
		{37E6399F-680F-4280-B480-DA491D9A2F36}.Debug|Any CPU.ActiveCfg = Debug|Any CPU
		{37E6399F-680F-4280-B480-DA491D9A2F36}.Debug|Any CPU.Build.0 = Debug|Any CPU
		{37E6399F-680F-4280-B480-DA491D9A2F36}.Release|Any CPU.ActiveCfg = Release|Any CPU
		{37E6399F-680F-4280-B480-DA491D9A2F36}.Release|Any CPU.Build.0 = Release|Any CPU
	EndGlobalSection
	GlobalSection(SolutionProperties) = preSolution
		HideSolutionNode = FALSE
	EndGlobalSection
	GlobalSection(ExtensibilityGlobals) = postSolution
		SolutionGuid = {DB8B097C-22A9-4D8A-9E94-60246E758059}
	EndGlobalSection
EndGlobal
